
Microsoft Visual Studio Solution File, Format Version 12.00
Project("{FAE04EC0-301F-11D3-BF4B-00C04F79EFBC}") = "Kovinskiy0.5", "Kovinskiy0.5\Kovinskiy0.5.csproj", "{9505DEED-EB7C-4E49-A7BD-E0D63529D61A}"
EndProject
Global
	GlobalSection(SolutionConfigurationPlatforms) = preSolution
		Debug|Any CPU = Debug|Any CPU
		Release|Any CPU = Release|Any CPU
	EndGlobalSection
	GlobalSection(ProjectConfigurationPlatforms) = postSolution
		{9505DEED-EB7C-4E49-A7BD-E0D63529D61A}.Debug|Any CPU.ActiveCfg = Debug|Any CPU
		{9505DEED-EB7C-4E49-A7BD-E0D63529D61A}.Debug|Any CPU.Build.0 = Debug|Any CPU
		{9505DEED-EB7C-4E49-A7BD-E0D63529D61A}.Release|Any CPU.ActiveCfg = Release|Any CPU
		{9505DEED-EB7C-4E49-A7BD-E0D63529D61A}.Release|Any CPU.Build.0 = Release|Any CPU
	EndGlobalSection
EndGlobal
